// !$*UTF8*$!
{
	archiveVersion = 1;
	classes = {
	};
	objectVersion = 50;
	objects = {

/* Begin PBXBuildFile section */
		2A0AB5FC2747E3AD00A7DA0A /* BirthdayTest.swift in Sources */ = {isa = PBXBuildFile; fileRef = 2A0AB5FB2747E3AD00A7DA0A /* BirthdayTest.swift */; };
		2A0AB604274A8BCC00A7DA0A /* UserProfileManager.swift in Sources */ = {isa = PBXBuildFile; fileRef = 2A0AB603274A8BCC00A7DA0A /* UserProfileManager.swift */; };
		2A0F28DC2731E3A100B21CF2 /* UserProfileViewController.swift in Sources */ = {isa = PBXBuildFile; fileRef = 2A0F28DB2731E3A100B21CF2 /* UserProfileViewController.swift */; };
		2A0F28DE2732085A00B21CF2 /* UsersTableViewController.swift in Sources */ = {isa = PBXBuildFile; fileRef = 2A0F28DD2732085A00B21CF2 /* UsersTableViewController.swift */; };
		2A0F28E02732DCF800B21CF2 /* MapViewController.swift in Sources */ = {isa = PBXBuildFile; fileRef = 2A0F28DF2732DCF800B21CF2 /* MapViewController.swift */; };
		2A2AAD41273BECB900CA7583 /* DataModel.xcdatamodeld in Sources */ = {isa = PBXBuildFile; fileRef = 2A2AAD3F273BECB900CA7583 /* DataModel.xcdatamodeld */; };
		2A53529D273D66B800BD28AD /* UpdateUserViewController.swift in Sources */ = {isa = PBXBuildFile; fileRef = 2A53529C273D66B800BD28AD /* UpdateUserViewController.swift */; };
		2A78C0EA2743EBAF005911BD /* UpdateSeedViewController.swift in Sources */ = {isa = PBXBuildFile; fileRef = 2A78C0E92743EBAF005911BD /* UpdateSeedViewController.swift */; };
		2A78C0EC2743F2BE005911BD /* SeedManager.swift in Sources */ = {isa = PBXBuildFile; fileRef = 2A78C0EB2743F2BE005911BD /* SeedManager.swift */; };
		2AD0081C2730026100F9B828 /* AppDelegate.swift in Sources */ = {isa = PBXBuildFile; fileRef = 2AD0081B2730026100F9B828 /* AppDelegate.swift */; };
		2AD0081E2730026100F9B828 /* SceneDelegate.swift in Sources */ = {isa = PBXBuildFile; fileRef = 2AD0081D2730026100F9B828 /* SceneDelegate.swift */; };
		2AD008232730026100F9B828 /* Main.storyboard in Resources */ = {isa = PBXBuildFile; fileRef = 2AD008212730026100F9B828 /* Main.storyboard */; };
		2AD008252730026900F9B828 /* Assets.xcassets in Resources */ = {isa = PBXBuildFile; fileRef = 2AD008242730026900F9B828 /* Assets.xcassets */; };
		2AD008282730026900F9B828 /* LaunchScreen.storyboard in Resources */ = {isa = PBXBuildFile; fileRef = 2AD008262730026900F9B828 /* LaunchScreen.storyboard */; };
		2AD00833273003FC00F9B828 /* UserCell.swift in Sources */ = {isa = PBXBuildFile; fileRef = 2AD00831273003FC00F9B828 /* UserCell.swift */; };
		2AD00834273003FC00F9B828 /* UserCell.xib in Resources */ = {isa = PBXBuildFile; fileRef = 2AD00832273003FC00F9B828 /* UserCell.xib */; };
		2AD00837273008AE00F9B828 /* UserManager.swift in Sources */ = {isa = PBXBuildFile; fileRef = 2AD00836273008AE00F9B828 /* UserManager.swift */; };
		2AD008392730099600F9B828 /* UserData.swift in Sources */ = {isa = PBXBuildFile; fileRef = 2AD008382730099600F9B828 /* UserData.swift */; };
/* End PBXBuildFile section */

/* Begin PBXContainerItemProxy section */
		2A0AB5FE2747E3AD00A7DA0A /* PBXContainerItemProxy */ = {
			isa = PBXContainerItemProxy;
			containerPortal = 2AD008102730026000F9B828 /* Project object */;
			proxyType = 1;
			remoteGlobalIDString = 2AD008172730026100F9B828;
			remoteInfo = RandomUser;
		};
/* End PBXContainerItemProxy section */

/* Begin PBXFileReference section */
		2A0AB5F92747E3AD00A7DA0A /* BirthdayTest.xctest */ = {isa = PBXFileReference; explicitFileType = wrapper.cfbundle; includeInIndex = 0; path = BirthdayTest.xctest; sourceTree = BUILT_PRODUCTS_DIR; };
		2A0AB5FB2747E3AD00A7DA0A /* BirthdayTest.swift */ = {isa = PBXFileReference; lastKnownFileType = sourcecode.swift; path = BirthdayTest.swift; sourceTree = "<group>"; };
		2A0AB5FD2747E3AD00A7DA0A /* Info.plist */ = {isa = PBXFileReference; lastKnownFileType = text.plist.xml; path = Info.plist; sourceTree = "<group>"; };
		2A0AB603274A8BCC00A7DA0A /* UserProfileManager.swift */ = {isa = PBXFileReference; lastKnownFileType = sourcecode.swift; path = UserProfileManager.swift; sourceTree = "<group>"; };
		2A0F28DB2731E3A100B21CF2 /* UserProfileViewController.swift */ = {isa = PBXFileReference; lastKnownFileType = sourcecode.swift; path = UserProfileViewController.swift; sourceTree = "<group>"; };
		2A0F28DD2732085A00B21CF2 /* UsersTableViewController.swift */ = {isa = PBXFileReference; lastKnownFileType = sourcecode.swift; path = UsersTableViewController.swift; sourceTree = "<group>"; };
		2A0F28DF2732DCF800B21CF2 /* MapViewController.swift */ = {isa = PBXFileReference; lastKnownFileType = sourcecode.swift; path = MapViewController.swift; sourceTree = "<group>"; };
		2A2AAD40273BECB900CA7583 /* DataModel.xcdatamodel */ = {isa = PBXFileReference; lastKnownFileType = wrapper.xcdatamodel; path = DataModel.xcdatamodel; sourceTree = "<group>"; };
		2A53529B273D410E00BD28AD /* DataModel 2.xcdatamodel */ = {isa = PBXFileReference; lastKnownFileType = wrapper.xcdatamodel; path = "DataModel 2.xcdatamodel"; sourceTree = "<group>"; };
		2A53529C273D66B800BD28AD /* UpdateUserViewController.swift */ = {isa = PBXFileReference; lastKnownFileType = sourcecode.swift; path = UpdateUserViewController.swift; sourceTree = "<group>"; };
		2A78C0E92743EBAF005911BD /* UpdateSeedViewController.swift */ = {isa = PBXFileReference; lastKnownFileType = sourcecode.swift; path = UpdateSeedViewController.swift; sourceTree = "<group>"; };
		2A78C0EB2743F2BE005911BD /* SeedManager.swift */ = {isa = PBXFileReference; lastKnownFileType = sourcecode.swift; path = SeedManager.swift; sourceTree = "<group>"; };
		2AD008182730026100F9B828 /* RandomUser.app */ = {isa = PBXFileReference; explicitFileType = wrapper.application; includeInIndex = 0; path = RandomUser.app; sourceTree = BUILT_PRODUCTS_DIR; };
		2AD0081B2730026100F9B828 /* AppDelegate.swift */ = {isa = PBXFileReference; lastKnownFileType = sourcecode.swift; path = AppDelegate.swift; sourceTree = "<group>"; };
		2AD0081D2730026100F9B828 /* SceneDelegate.swift */ = {isa = PBXFileReference; lastKnownFileType = sourcecode.swift; path = SceneDelegate.swift; sourceTree = "<group>"; };
		2AD008222730026100F9B828 /* Base */ = {isa = PBXFileReference; lastKnownFileType = file.storyboard; name = Base; path = Base.lproj/Main.storyboard; sourceTree = "<group>"; };
		2AD008242730026900F9B828 /* Assets.xcassets */ = {isa = PBXFileReference; lastKnownFileType = folder.assetcatalog; path = Assets.xcassets; sourceTree = "<group>"; };
		2AD008272730026900F9B828 /* Base */ = {isa = PBXFileReference; lastKnownFileType = file.storyboard; name = Base; path = Base.lproj/LaunchScreen.storyboard; sourceTree = "<group>"; };
		2AD008292730026900F9B828 /* Info.plist */ = {isa = PBXFileReference; lastKnownFileType = text.plist.xml; path = Info.plist; sourceTree = "<group>"; };
		2AD00831273003FC00F9B828 /* UserCell.swift */ = {isa = PBXFileReference; lastKnownFileType = sourcecode.swift; path = UserCell.swift; sourceTree = "<group>"; };
		2AD00832273003FC00F9B828 /* UserCell.xib */ = {isa = PBXFileReference; lastKnownFileType = file.xib; path = UserCell.xib; sourceTree = "<group>"; };
		2AD00836273008AE00F9B828 /* UserManager.swift */ = {isa = PBXFileReference; lastKnownFileType = sourcecode.swift; path = UserManager.swift; sourceTree = "<group>"; };
		2AD008382730099600F9B828 /* UserData.swift */ = {isa = PBXFileReference; lastKnownFileType = sourcecode.swift; path = UserData.swift; sourceTree = "<group>"; };
/* End PBXFileReference section */

/* Begin PBXFrameworksBuildPhase section */
		2A0AB5F62747E3AD00A7DA0A /* Frameworks */ = {
			isa = PBXFrameworksBuildPhase;
			buildActionMask = 2147483647;
			files = (
			);
			runOnlyForDeploymentPostprocessing = 0;
		};
		2AD008152730026100F9B828 /* Frameworks */ = {
			isa = PBXFrameworksBuildPhase;
			buildActionMask = 2147483647;
			files = (
			);
			runOnlyForDeploymentPostprocessing = 0;
		};
/* End PBXFrameworksBuildPhase section */

/* Begin PBXGroup section */
		2A0AB5FA2747E3AD00A7DA0A /* BirthdayTest */ = {
			isa = PBXGroup;
			children = (
				2A0AB5FB2747E3AD00A7DA0A /* BirthdayTest.swift */,
				2A0AB5FD2747E3AD00A7DA0A /* Info.plist */,
			);
			path = BirthdayTest;
			sourceTree = "<group>";
		};
		2AD0080F2730026000F9B828 = {
			isa = PBXGroup;
			children = (
				2AD0081A2730026100F9B828 /* RandomUser */,
				2A0AB5FA2747E3AD00A7DA0A /* BirthdayTest */,
				2AD008192730026100F9B828 /* Products */,
			);
			sourceTree = "<group>";
		};
		2AD008192730026100F9B828 /* Products */ = {
			isa = PBXGroup;
			children = (
				2AD008182730026100F9B828 /* RandomUser.app */,
				2A0AB5F92747E3AD00A7DA0A /* BirthdayTest.xctest */,
			);
			name = Products;
			sourceTree = "<group>";
		};
		2AD0081A2730026100F9B828 /* RandomUser */ = {
			isa = PBXGroup;
			children = (
				2AD008352730086400F9B828 /* Model */,
				2AD00830273003C800F9B828 /* Views */,
				2AD0082F273003C100F9B828 /* Controllers */,
				2AD0081B2730026100F9B828 /* AppDelegate.swift */,
				2AD0081D2730026100F9B828 /* SceneDelegate.swift */,
				2AD008242730026900F9B828 /* Assets.xcassets */,
				2AD008262730026900F9B828 /* LaunchScreen.storyboard */,
				2AD008292730026900F9B828 /* Info.plist */,
			);
			path = RandomUser;
			sourceTree = "<group>";
		};
		2AD0082F273003C100F9B828 /* Controllers */ = {
			isa = PBXGroup;
			children = (
				2A0F28DB2731E3A100B21CF2 /* UserProfileViewController.swift */,
				2A0F28DD2732085A00B21CF2 /* UsersTableViewController.swift */,
				2A0F28DF2732DCF800B21CF2 /* MapViewController.swift */,
				2A53529C273D66B800BD28AD /* UpdateUserViewController.swift */,
				2A78C0E92743EBAF005911BD /* UpdateSeedViewController.swift */,
			);
			path = Controllers;
			sourceTree = "<group>";
		};
		2AD00830273003C800F9B828 /* Views */ = {
			isa = PBXGroup;
			children = (
				2AD008212730026100F9B828 /* Main.storyboard */,
				2AD00831273003FC00F9B828 /* UserCell.swift */,
				2AD00832273003FC00F9B828 /* UserCell.xib */,
			);
			path = Views;
			sourceTree = "<group>";
		};
		2AD008352730086400F9B828 /* Model */ = {
			isa = PBXGroup;
			children = (
				2AD00836273008AE00F9B828 /* UserManager.swift */,
				2A2AAD3F273BECB900CA7583 /* DataModel.xcdatamodeld */,
				2AD008382730099600F9B828 /* UserData.swift */,
				2A78C0EB2743F2BE005911BD /* SeedManager.swift */,
				2A0AB603274A8BCC00A7DA0A /* UserProfileManager.swift */,
			);
			path = Model;
			sourceTree = "<group>";
		};
/* End PBXGroup section */

/* Begin PBXNativeTarget section */
		2A0AB5F82747E3AD00A7DA0A /* BirthdayTest */ = {
			isa = PBXNativeTarget;
			buildConfigurationList = 2A0AB6022747E3AD00A7DA0A /* Build configuration list for PBXNativeTarget "BirthdayTest" */;
			buildPhases = (
				2A0AB5F52747E3AD00A7DA0A /* Sources */,
				2A0AB5F62747E3AD00A7DA0A /* Frameworks */,
				2A0AB5F72747E3AD00A7DA0A /* Resources */,
			);
			buildRules = (
			);
			dependencies = (
				2A0AB5FF2747E3AD00A7DA0A /* PBXTargetDependency */,
			);
			name = BirthdayTest;
			productName = BirthdayTest;
			productReference = 2A0AB5F92747E3AD00A7DA0A /* BirthdayTest.xctest */;
			productType = "com.apple.product-type.bundle.unit-test";
		};
		2AD008172730026100F9B828 /* RandomUser */ = {
			isa = PBXNativeTarget;
			buildConfigurationList = 2AD0082C2730026900F9B828 /* Build configuration list for PBXNativeTarget "RandomUser" */;
			buildPhases = (
				2AD008142730026100F9B828 /* Sources */,
				2AD008152730026100F9B828 /* Frameworks */,
				2AD008162730026100F9B828 /* Resources */,
			);
			buildRules = (
			);
			dependencies = (
			);
			name = RandomUser;
			productName = RandomUser;
			productReference = 2AD008182730026100F9B828 /* RandomUser.app */;
			productType = "com.apple.product-type.application";
		};
/* End PBXNativeTarget section */

/* Begin PBXProject section */
		2AD008102730026000F9B828 /* Project object */ = {
			isa = PBXProject;
			attributes = {
				LastSwiftUpdateCheck = 1250;
				LastUpgradeCheck = 1250;
				TargetAttributes = {
					2A0AB5F82747E3AD00A7DA0A = {
						CreatedOnToolsVersion = 12.5.1;
						TestTargetID = 2AD008172730026100F9B828;
					};
					2AD008172730026100F9B828 = {
						CreatedOnToolsVersion = 12.5.1;
					};
				};
			};
			buildConfigurationList = 2AD008132730026000F9B828 /* Build configuration list for PBXProject "RandomUser" */;
			compatibilityVersion = "Xcode 9.3";
			developmentRegion = en;
			hasScannedForEncodings = 0;
			knownRegions = (
				en,
				Base,
			);
			mainGroup = 2AD0080F2730026000F9B828;
			productRefGroup = 2AD008192730026100F9B828 /* Products */;
			projectDirPath = "";
			projectRoot = "";
			targets = (
				2AD008172730026100F9B828 /* RandomUser */,
				2A0AB5F82747E3AD00A7DA0A /* BirthdayTest */,
			);
		};
/* End PBXProject section */

/* Begin PBXResourcesBuildPhase section */
		2A0AB5F72747E3AD00A7DA0A /* Resources */ = {
			isa = PBXResourcesBuildPhase;
			buildActionMask = 2147483647;
			files = (
			);
			runOnlyForDeploymentPostprocessing = 0;
		};
		2AD008162730026100F9B828 /* Resources */ = {
			isa = PBXResourcesBuildPhase;
			buildActionMask = 2147483647;
			files = (
				2AD00834273003FC00F9B828 /* UserCell.xib in Resources */,
				2AD008282730026900F9B828 /* LaunchScreen.storyboard in Resources */,
				2AD008252730026900F9B828 /* Assets.xcassets in Resources */,
				2AD008232730026100F9B828 /* Main.storyboard in Resources */,
			);
			runOnlyForDeploymentPostprocessing = 0;
		};
/* End PBXResourcesBuildPhase section */

/* Begin PBXSourcesBuildPhase section */
		2A0AB5F52747E3AD00A7DA0A /* Sources */ = {
			isa = PBXSourcesBuildPhase;
			buildActionMask = 2147483647;
			files = (
				2A0AB5FC2747E3AD00A7DA0A /* BirthdayTest.swift in Sources */,
			);
			runOnlyForDeploymentPostprocessing = 0;
		};
		2AD008142730026100F9B828 /* Sources */ = {
			isa = PBXSourcesBuildPhase;
			buildActionMask = 2147483647;
			files = (
				2A2AAD41273BECB900CA7583 /* DataModel.xcdatamodeld in Sources */,
				2AD008392730099600F9B828 /* UserData.swift in Sources */,
				2A53529D273D66B800BD28AD /* UpdateUserViewController.swift in Sources */,
				2A0F28DC2731E3A100B21CF2 /* UserProfileViewController.swift in Sources */,
				2A78C0EA2743EBAF005911BD /* UpdateSeedViewController.swift in Sources */,
				2A0AB604274A8BCC00A7DA0A /* UserProfileManager.swift in Sources */,
				2A0F28DE2732085A00B21CF2 /* UsersTableViewController.swift in Sources */,
				2A0F28E02732DCF800B21CF2 /* MapViewController.swift in Sources */,
				2AD00833273003FC00F9B828 /* UserCell.swift in Sources */,
				2A78C0EC2743F2BE005911BD /* SeedManager.swift in Sources */,
				2AD0081C2730026100F9B828 /* AppDelegate.swift in Sources */,
				2AD00837273008AE00F9B828 /* UserManager.swift in Sources */,
				2AD0081E2730026100F9B828 /* SceneDelegate.swift in Sources */,
			);
			runOnlyForDeploymentPostprocessing = 0;
		};
/* End PBXSourcesBuildPhase section */

/* Begin PBXTargetDependency section */
		2A0AB5FF2747E3AD00A7DA0A /* PBXTargetDependency */ = {
			isa = PBXTargetDependency;
			target = 2AD008172730026100F9B828 /* RandomUser */;
			targetProxy = 2A0AB5FE2747E3AD00A7DA0A /* PBXContainerItemProxy */;
		};
/* End PBXTargetDependency section */

/* Begin PBXVariantGroup section */
		2AD008212730026100F9B828 /* Main.storyboard */ = {
			isa = PBXVariantGroup;
			children = (
				2AD008222730026100F9B828 /* Base */,
			);
			name = Main.storyboard;
			sourceTree = "<group>";
		};
		2AD008262730026900F9B828 /* LaunchScreen.storyboard */ = {
			isa = PBXVariantGroup;
			children = (
				2AD008272730026900F9B828 /* Base */,
			);
			name = LaunchScreen.storyboard;
			sourceTree = "<group>";
		};
/* End PBXVariantGroup section */

/* Begin XCBuildConfiguration section */
		2A0AB6002747E3AD00A7DA0A /* Debug */ = {
			isa = XCBuildConfiguration;
			buildSettings = {
				BUNDLE_LOADER = "$(TEST_HOST)";
				CODE_SIGN_STYLE = Automatic;
				DEVELOPMENT_TEAM = 73NCHQP3L2;
				INFOPLIST_FILE = BirthdayTest/Info.plist;
				LD_RUNPATH_SEARCH_PATHS = (
					"$(inherited)",
					"@executable_path/Frameworks",
					"@loader_path/Frameworks",
				);
				PRODUCT_BUNDLE_IDENTIFIER = no.kristiania.BirthdayTest;
				PRODUCT_NAME = "$(TARGET_NAME)";
				SWIFT_VERSION = 5.0;
				TARGETED_DEVICE_FAMILY = "1,2";
				TEST_HOST = "$(BUILT_PRODUCTS_DIR)/RandomUser.app/RandomUser";
			};
			name = Debug;
		};
		2A0AB6012747E3AD00A7DA0A /* Release */ = {
			isa = XCBuildConfiguration;
			buildSettings = {
				BUNDLE_LOADER = "$(TEST_HOST)";
				CODE_SIGN_STYLE = Automatic;
				DEVELOPMENT_TEAM = 73NCHQP3L2;
				INFOPLIST_FILE = BirthdayTest/Info.plist;
				LD_RUNPATH_SEARCH_PATHS = (
					"$(inherited)",
					"@executable_path/Frameworks",
					"@loader_path/Frameworks",
				);
				PRODUCT_BUNDLE_IDENTIFIER = no.kristiania.BirthdayTest;
				PRODUCT_NAME = "$(TARGET_NAME)";
				SWIFT_VERSION = 5.0;
				TARGETED_DEVICE_FAMILY = "1,2";
				TEST_HOST = "$(BUILT_PRODUCTS_DIR)/RandomUser.app/RandomUser";
			};
			name = Release;
		};
		2AD0082A2730026900F9B828 /* Debug */ = {
			isa = XCBuildConfiguration;
			buildSettings = {
				ALWAYS_SEARCH_USER_PATHS = NO;
				CLANG_ANALYZER_NONNULL = YES;
				CLANG_ANALYZER_NUMBER_OBJECT_CONVERSION = YES_AGGRESSIVE;
				CLANG_CXX_LANGUAGE_STANDARD = "gnu++14";
				CLANG_CXX_LIBRARY = "libc++";
				CLANG_ENABLE_MODULES = YES;
				CLANG_ENABLE_OBJC_ARC = YES;
				CLANG_ENABLE_OBJC_WEAK = YES;
				CLANG_WARN_BLOCK_CAPTURE_AUTORELEASING = YES;
				CLANG_WARN_BOOL_CONVERSION = YES;
				CLANG_WARN_COMMA = YES;
				CLANG_WARN_CONSTANT_CONVERSION = YES;
				CLANG_WARN_DEPRECATED_OBJC_IMPLEMENTATIONS = YES;
				CLANG_WARN_DIRECT_OBJC_ISA_USAGE = YES_ERROR;
				CLANG_WARN_DOCUMENTATION_COMMENTS = YES;
				CLANG_WARN_EMPTY_BODY = YES;
				CLANG_WARN_ENUM_CONVERSION = YES;
				CLANG_WARN_INFINITE_RECURSION = YES;
				CLANG_WARN_INT_CONVERSION = YES;
				CLANG_WARN_NON_LITERAL_NULL_CONVERSION = YES;
				CLANG_WARN_OBJC_IMPLICIT_RETAIN_SELF = YES;
				CLANG_WARN_OBJC_LITERAL_CONVERSION = YES;
				CLANG_WARN_OBJC_ROOT_CLASS = YES_ERROR;
				CLANG_WARN_QUOTED_INCLUDE_IN_FRAMEWORK_HEADER = YES;
				CLANG_WARN_RANGE_LOOP_ANALYSIS = YES;
				CLANG_WARN_STRICT_PROTOTYPES = YES;
				CLANG_WARN_SUSPICIOUS_MOVE = YES;
				CLANG_WARN_UNGUARDED_AVAILABILITY = YES_AGGRESSIVE;
				CLANG_WARN_UNREACHABLE_CODE = YES;
				CLANG_WARN__DUPLICATE_METHOD_MATCH = YES;
				COPY_PHASE_STRIP = NO;
				DEBUG_INFORMATION_FORMAT = dwarf;
				ENABLE_STRICT_OBJC_MSGSEND = YES;
				ENABLE_TESTABILITY = YES;
				GCC_C_LANGUAGE_STANDARD = gnu11;
				GCC_DYNAMIC_NO_PIC = NO;
				GCC_NO_COMMON_BLOCKS = YES;
				GCC_OPTIMIZATION_LEVEL = 0;
				GCC_PREPROCESSOR_DEFINITIONS = (
					"DEBUG=1",
					"$(inherited)",
				);
				GCC_WARN_64_TO_32_BIT_CONVERSION = YES;
				GCC_WARN_ABOUT_RETURN_TYPE = YES_ERROR;
				GCC_WARN_UNDECLARED_SELECTOR = YES;
				GCC_WARN_UNINITIALIZED_AUTOS = YES_AGGRESSIVE;
				GCC_WARN_UNUSED_FUNCTION = YES;
				GCC_WARN_UNUSED_VARIABLE = YES;
				IPHONEOS_DEPLOYMENT_TARGET = 14.5;
				MTL_ENABLE_DEBUG_INFO = INCLUDE_SOURCE;
				MTL_FAST_MATH = YES;
				ONLY_ACTIVE_ARCH = YES;
				SDKROOT = iphoneos;
				SWIFT_ACTIVE_COMPILATION_CONDITIONS = DEBUG;
				SWIFT_OPTIMIZATION_LEVEL = "-Onone";
			};
			name = Debug;
		};
		2AD0082B2730026900F9B828 /* Release */ = {
			isa = XCBuildConfiguration;
			buildSettings = {
				ALWAYS_SEARCH_USER_PATHS = NO;
				CLANG_ANALYZER_NONNULL = YES;
				CLANG_ANALYZER_NUMBER_OBJECT_CONVERSION = YES_AGGRESSIVE;
				CLANG_CXX_LANGUAGE_STANDARD = "gnu++14";
				CLANG_CXX_LIBRARY = "libc++";
				CLANG_ENABLE_MODULES = YES;
				CLANG_ENABLE_OBJC_ARC = YES;
				CLANG_ENABLE_OBJC_WEAK = YES;
				CLANG_WARN_BLOCK_CAPTURE_AUTORELEASING = YES;
				CLANG_WARN_BOOL_CONVERSION = YES;
				CLANG_WARN_COMMA = YES;
				CLANG_WARN_CONSTANT_CONVERSION = YES;
				CLANG_WARN_DEPRECATED_OBJC_IMPLEMENTATIONS = YES;
				CLANG_WARN_DIRECT_OBJC_ISA_USAGE = YES_ERROR;
				CLANG_WARN_DOCUMENTATION_COMMENTS = YES;
				CLANG_WARN_EMPTY_BODY = YES;
				CLANG_WARN_ENUM_CONVERSION = YES;
				CLANG_WARN_INFINITE_RECURSION = YES;
				CLANG_WARN_INT_CONVERSION = YES;
				CLANG_WARN_NON_LITERAL_NULL_CONVERSION = YES;
				CLANG_WARN_OBJC_IMPLICIT_RETAIN_SELF = YES;
				CLANG_WARN_OBJC_LITERAL_CONVERSION = YES;
				CLANG_WARN_OBJC_ROOT_CLASS = YES_ERROR;
				CLANG_WARN_QUOTED_INCLUDE_IN_FRAMEWORK_HEADER = YES;
				CLANG_WARN_RANGE_LOOP_ANALYSIS = YES;
				CLANG_WARN_STRICT_PROTOTYPES = YES;
				CLANG_WARN_SUSPICIOUS_MOVE = YES;
				CLANG_WARN_UNGUARDED_AVAILABILITY = YES_AGGRESSIVE;
				CLANG_WARN_UNREACHABLE_CODE = YES;
				CLANG_WARN__DUPLICATE_METHOD_MATCH = YES;
				COPY_PHASE_STRIP = NO;
				DEBUG_INFORMATION_FORMAT = "dwarf-with-dsym";
				ENABLE_NS_ASSERTIONS = NO;
				ENABLE_STRICT_OBJC_MSGSEND = YES;
				GCC_C_LANGUAGE_STANDARD = gnu11;
				GCC_NO_COMMON_BLOCKS = YES;
				GCC_WARN_64_TO_32_BIT_CONVERSION = YES;
				GCC_WARN_ABOUT_RETURN_TYPE = YES_ERROR;
				GCC_WARN_UNDECLARED_SELECTOR = YES;
				GCC_WARN_UNINITIALIZED_AUTOS = YES_AGGRESSIVE;
				GCC_WARN_UNUSED_FUNCTION = YES;
				GCC_WARN_UNUSED_VARIABLE = YES;
				IPHONEOS_DEPLOYMENT_TARGET = 14.5;
				MTL_ENABLE_DEBUG_INFO = NO;
				MTL_FAST_MATH = YES;
				SDKROOT = iphoneos;
				SWIFT_COMPILATION_MODE = wholemodule;
				SWIFT_OPTIMIZATION_LEVEL = "-O";
				VALIDATE_PRODUCT = YES;
			};
			name = Release;
		};
		2AD0082D2730026900F9B828 /* Debug */ = {
			isa = XCBuildConfiguration;
			buildSettings = {
				ASSETCATALOG_COMPILER_APPICON_NAME = AppIcon;
				ASSETCATALOG_COMPILER_GLOBAL_ACCENT_COLOR_NAME = AccentColor;
				CODE_SIGN_STYLE = Automatic;
				DEVELOPMENT_TEAM = 73NCHQP3L2;
				INFOPLIST_FILE = RandomUser/Info.plist;
				IPHONEOS_DEPLOYMENT_TARGET = 14.5;
				LD_RUNPATH_SEARCH_PATHS = (
					"$(inherited)",
					"@executable_path/Frameworks",
				);
				PRODUCT_BUNDLE_IDENTIFIER = no.kristiania.RandomUser;
				PRODUCT_NAME = "$(TARGET_NAME)";
				SWIFT_VERSION = 5.0;
				TARGETED_DEVICE_FAMILY = "1,2";
			};
			name = Debug;
		};
		2AD0082E2730026900F9B828 /* Release */ = {
			isa = XCBuildConfiguration;
			buildSettings = {
				ASSETCATALOG_COMPILER_APPICON_NAME = AppIcon;
				ASSETCATALOG_COMPILER_GLOBAL_ACCENT_COLOR_NAME = AccentColor;
				CODE_SIGN_STYLE = Automatic;
				DEVELOPMENT_TEAM = 73NCHQP3L2;
				INFOPLIST_FILE = RandomUser/Info.plist;
				IPHONEOS_DEPLOYMENT_TARGET = 14.5;
				LD_RUNPATH_SEARCH_PATHS = (
					"$(inherited)",
					"@executable_path/Frameworks",
				);
				PRODUCT_BUNDLE_IDENTIFIER = no.kristiania.RandomUser;
				PRODUCT_NAME = "$(TARGET_NAME)";
				SWIFT_VERSION = 5.0;
				TARGETED_DEVICE_FAMILY = "1,2";
			};
			name = Release;
		};
/* End XCBuildConfiguration section */

/* Begin XCConfigurationList section */
		2A0AB6022747E3AD00A7DA0A /* Build configuration list for PBXNativeTarget "BirthdayTest" */ = {
			isa = XCConfigurationList;
			buildConfigurations = (
				2A0AB6002747E3AD00A7DA0A /* Debug */,
				2A0AB6012747E3AD00A7DA0A /* Release */,
			);
			defaultConfigurationIsVisible = 0;
			defaultConfigurationName = Release;
		};
		2AD008132730026000F9B828 /* Build configuration list for PBXProject "RandomUser" */ = {
			isa = XCConfigurationList;
			buildConfigurations = (
				2AD0082A2730026900F9B828 /* Debug */,
				2AD0082B2730026900F9B828 /* Release */,
			);
			defaultConfigurationIsVisible = 0;
			defaultConfigurationName = Release;
		};
		2AD0082C2730026900F9B828 /* Build configuration list for PBXNativeTarget "RandomUser" */ = {
			isa = XCConfigurationList;
			buildConfigurations = (
				2AD0082D2730026900F9B828 /* Debug */,
				2AD0082E2730026900F9B828 /* Release */,
			);
			defaultConfigurationIsVisible = 0;
			defaultConfigurationName = Release;
		};
/* End XCConfigurationList section */

/* Begin XCVersionGroup section */
		2A2AAD3F273BECB900CA7583 /* DataModel.xcdatamodeld */ = {
			isa = XCVersionGroup;
			children = (
				2A53529B273D410E00BD28AD /* DataModel 2.xcdatamodel */,
				2A2AAD40273BECB900CA7583 /* DataModel.xcdatamodel */,
			);
			currentVersion = 2A53529B273D410E00BD28AD /* DataModel 2.xcdatamodel */;
			path = DataModel.xcdatamodeld;
			sourceTree = "<group>";
			versionGroupType = wrapper.xcdatamodel;
		};
/* End XCVersionGroup section */
	};
	rootObject = 2AD008102730026000F9B828 /* Project object */;
}
